
Microsoft Visual Studio Solution File, Format Version 12.00
# Visual Studio Version 17
VisualStudioVersion = 17.1.32228.430
MinimumVisualStudioVersion = 10.0.40219.1
Project("{9A19103F-16F7-4668-BE54-9A1E7A4F7556}") = "FizzBuzz2", "FizzBuzz2.csproj", "{FDDD27C7-BDC0-4376-8C22-867C21B0292C}"
EndProject
Global
	GlobalSection(SolutionConfigurationPlatforms) = preSolution
		Debug|Any CPU = Debug|Any CPU
		Release|Any CPU = Release|Any CPU
	EndGlobalSection
	GlobalSection(ProjectConfigurationPlatforms) = postSolution
		{FDDD27C7-BDC0-4376-8C22-867C21B0292C}.Debug|Any CPU.ActiveCfg = Debug|Any CPU
		{FDDD27C7-BDC0-4376-8C22-867C21B0292C}.Debug|Any CPU.Build.0 = Debug|Any CPU
		{FDDD27C7-BDC0-4376-8C22-867C21B0292C}.Release|Any CPU.ActiveCfg = Release|Any CPU
		{FDDD27C7-BDC0-4376-8C22-867C21B0292C}.Release|Any CPU.Build.0 = Release|Any CPU
	EndGlobalSection
	GlobalSection(SolutionProperties) = preSolution
		HideSolutionNode = FALSE
	EndGlobalSection
	GlobalSection(ExtensibilityGlobals) = postSolution
		SolutionGuid = {EB173108-D3D9-4468-859E-6E0643F58497}
	EndGlobalSection
EndGlobal
